
Microsoft Visual Studio Solution File, Format Version 12.00
# Visual Studio 2013
VisualStudioVersion = 12.0.40629.0
MinimumVisualStudioVersion = 10.0.40219.1
Project("{FAE04EC0-301F-11D3-BF4B-00C04F79EFBC}") = "AMS.Entity", "AMS.Model\AMS.Entity.csproj", "{38044C21-1FD9-4C3C-84B2-CF6788A28432}"
EndProject
Project("{FAE04EC0-301F-11D3-BF4B-00C04F79EFBC}") = "AMS.BLL", "AMS.BLL\AMS.BLL.csproj", "{67E5ECBF-FA18-4C21-8492-07EB07110F94}"
EndProject
Project("{FAE04EC0-301F-11D3-BF4B-00C04F79EFBC}") = "AMS.Tests", "AMS.Tests\AMS.Tests.csproj", "{AB9FBBAF-220E-42A9-9C66-33AB2DC0DADA}"
EndProject
Project("{FAE04EC0-301F-11D3-BF4B-00C04F79EFBC}") = "AMS.DAL", "AMS.DAL\AMS.DAL.csproj", "{97976E4C-5E73-42AA-8CA7-1B6113326776}"
EndProject
Project("{2150E333-8FDC-42A3-9474-1A3956D46DE8}") = "10 AMS.UI", "10 AMS.UI", "{538D2B4C-97FF-4AC8-A2D8-CAB439851D89}"
EndProject
Project("{2150E333-8FDC-42A3-9474-1A3956D46DE8}") = "20 AMS.Business", "20 AMS.Business", "{9B33943F-9F94-4082-B3B7-17894270FB62}"
EndProject
Project("{2150E333-8FDC-42A3-9474-1A3956D46DE8}") = "30 AMS.DataService", "30 AMS.DataService", "{5DF2CD87-539B-4289-A4EA-325E01131E7A}"
EndProject
Project("{2150E333-8FDC-42A3-9474-1A3956D46DE8}") = "40 AMS.Common", "40 AMS.Common", "{454FC0D0-1AC6-41DA-AA35-C3F660C61099}"
EndProject
Project("{FAE04EC0-301F-11D3-BF4B-00C04F79EFBC}") = "DotNet.Utilities", "AMS.Utilities\DotNet.Utilities.csproj", "{FC549983-D27C-49E3-ADFE-AA5938695724}"
EndProject
Project("{FAE04EC0-301F-11D3-BF4B-00C04F79EFBC}") = "AMS.API", "AMS.API\AMS.API.csproj", "{25BBAF35-0370-4461-82C9-C7D6B3BC7B2A}"
EndProject
Project("{FAE04EC0-301F-11D3-BF4B-00C04F79EFBC}") = "AMS.WebUI", "AMS.WebUI\AMS.WebUI.csproj", "{B718E316-1F30-4F87-99C5-AEC2C61E1685}"
EndProject
Global
	GlobalSection(SolutionConfigurationPlatforms) = preSolution
		Debug|Any CPU = Debug|Any CPU
		Release|Any CPU = Release|Any CPU
	EndGlobalSection
	GlobalSection(ProjectConfigurationPlatforms) = postSolution
		{38044C21-1FD9-4C3C-84B2-CF6788A28432}.Debug|Any CPU.ActiveCfg = Debug|Any CPU
		{38044C21-1FD9-4C3C-84B2-CF6788A28432}.Debug|Any CPU.Build.0 = Debug|Any CPU
		{38044C21-1FD9-4C3C-84B2-CF6788A28432}.Release|Any CPU.ActiveCfg = Release|Any CPU
		{38044C21-1FD9-4C3C-84B2-CF6788A28432}.Release|Any CPU.Build.0 = Release|Any CPU
		{67E5ECBF-FA18-4C21-8492-07EB07110F94}.Debug|Any CPU.ActiveCfg = Debug|Any CPU
		{67E5ECBF-FA18-4C21-8492-07EB07110F94}.Debug|Any CPU.Build.0 = Debug|Any CPU
		{67E5ECBF-FA18-4C21-8492-07EB07110F94}.Release|Any CPU.ActiveCfg = Release|Any CPU
		{67E5ECBF-FA18-4C21-8492-07EB07110F94}.Release|Any CPU.Build.0 = Release|Any CPU
		{AB9FBBAF-220E-42A9-9C66-33AB2DC0DADA}.Debug|Any CPU.ActiveCfg = Debug|Any CPU
		{AB9FBBAF-220E-42A9-9C66-33AB2DC0DADA}.Debug|Any CPU.Build.0 = Debug|Any CPU
		{AB9FBBAF-220E-42A9-9C66-33AB2DC0DADA}.Release|Any CPU.ActiveCfg = Release|Any CPU
		{AB9FBBAF-220E-42A9-9C66-33AB2DC0DADA}.Release|Any CPU.Build.0 = Release|Any CPU
		{97976E4C-5E73-42AA-8CA7-1B6113326776}.Debug|Any CPU.ActiveCfg = Debug|Any CPU
		{97976E4C-5E73-42AA-8CA7-1B6113326776}.Debug|Any CPU.Build.0 = Debug|Any CPU
		{97976E4C-5E73-42AA-8CA7-1B6113326776}.Release|Any CPU.ActiveCfg = Release|Any CPU
		{97976E4C-5E73-42AA-8CA7-1B6113326776}.Release|Any CPU.Build.0 = Release|Any CPU
		{FC549983-D27C-49E3-ADFE-AA5938695724}.Debug|Any CPU.ActiveCfg = Debug|Any CPU
		{FC549983-D27C-49E3-ADFE-AA5938695724}.Debug|Any CPU.Build.0 = Debug|Any CPU
		{FC549983-D27C-49E3-ADFE-AA5938695724}.Release|Any CPU.ActiveCfg = Release|Any CPU
		{FC549983-D27C-49E3-ADFE-AA5938695724}.Release|Any CPU.Build.0 = Release|Any CPU
		{25BBAF35-0370-4461-82C9-C7D6B3BC7B2A}.Debug|Any CPU.ActiveCfg = Debug|Any CPU
		{25BBAF35-0370-4461-82C9-C7D6B3BC7B2A}.Debug|Any CPU.Build.0 = Debug|Any CPU
		{25BBAF35-0370-4461-82C9-C7D6B3BC7B2A}.Release|Any CPU.ActiveCfg = Release|Any CPU
		{25BBAF35-0370-4461-82C9-C7D6B3BC7B2A}.Release|Any CPU.Build.0 = Release|Any CPU
		{B718E316-1F30-4F87-99C5-AEC2C61E1685}.Debug|Any CPU.ActiveCfg = Debug|Any CPU
		{B718E316-1F30-4F87-99C5-AEC2C61E1685}.Debug|Any CPU.Build.0 = Debug|Any CPU
		{B718E316-1F30-4F87-99C5-AEC2C61E1685}.Release|Any CPU.ActiveCfg = Release|Any CPU
		{B718E316-1F30-4F87-99C5-AEC2C61E1685}.Release|Any CPU.Build.0 = Release|Any CPU
	EndGlobalSection
	GlobalSection(SolutionProperties) = preSolution
		HideSolutionNode = FALSE
	EndGlobalSection
	GlobalSection(NestedProjects) = preSolution
		{38044C21-1FD9-4C3C-84B2-CF6788A28432} = {5DF2CD87-539B-4289-A4EA-325E01131E7A}
		{67E5ECBF-FA18-4C21-8492-07EB07110F94} = {9B33943F-9F94-4082-B3B7-17894270FB62}
		{97976E4C-5E73-42AA-8CA7-1B6113326776} = {5DF2CD87-539B-4289-A4EA-325E01131E7A}
		{FC549983-D27C-49E3-ADFE-AA5938695724} = {454FC0D0-1AC6-41DA-AA35-C3F660C61099}
		{B718E316-1F30-4F87-99C5-AEC2C61E1685} = {538D2B4C-97FF-4AC8-A2D8-CAB439851D89}
	EndGlobalSection
	GlobalSection(ExtensibilityGlobals) = postSolution
		VisualSVNWorkingCopyRoot = .
	EndGlobalSection
EndGlobal
